
Microsoft Visual Studio Solution File, Format Version 12.00
# Visual Studio Version 16
VisualStudioVersion = 16.0.30907.101
MinimumVisualStudioVersion = 10.0.40219.1
Project("{FAE04EC0-301F-11D3-BF4B-00C04F79EFBC}") = "hobby lobby test", "hobby lobby test\hobby lobby test.csproj", "{4E296A4D-E796-460E-A8CD-4D67B133E84A}"
EndProject
Global
	GlobalSection(SolutionConfigurationPlatforms) = preSolution
		Debug|Any CPU = Debug|Any CPU
		Release|Any CPU = Release|Any CPU
	EndGlobalSection
	GlobalSection(ProjectConfigurationPlatforms) = postSolution
		{4E296A4D-E796-460E-A8CD-4D67B133E84A}.Debug|Any CPU.ActiveCfg = Debug|Any CPU
		{4E296A4D-E796-460E-A8CD-4D67B133E84A}.Debug|Any CPU.Build.0 = Debug|Any CPU
		{4E296A4D-E796-460E-A8CD-4D67B133E84A}.Release|Any CPU.ActiveCfg = Release|Any CPU
		{4E296A4D-E796-460E-A8CD-4D67B133E84A}.Release|Any CPU.Build.0 = Release|Any CPU
	EndGlobalSection
	GlobalSection(SolutionProperties) = preSolution
		HideSolutionNode = FALSE
	EndGlobalSection
	GlobalSection(ExtensibilityGlobals) = postSolution
		SolutionGuid = {DF3A5261-A67E-47D0-9AC3-334DD7B1701B}
	EndGlobalSection
EndGlobal
